
Microsoft Visual Studio Solution File, Format Version 12.00
# Visual Studio Version 17
VisualStudioVersion = 17.12.35521.163 d17.12
MinimumVisualStudioVersion = 10.0.40219.1
Project("{FAE04EC0-301F-11D3-BF4B-00C04F79EFBC}") = "TDD Assignment Abbe", "TDD Assignment Abbe.csproj", "{1C61B5F5-D0B1-4EB6-9FE8-F6D9312DDFED}"
EndProject
Global
	GlobalSection(SolutionConfigurationPlatforms) = preSolution
		Debug|Any CPU = Debug|Any CPU
		Release|Any CPU = Release|Any CPU
	EndGlobalSection
	GlobalSection(ProjectConfigurationPlatforms) = postSolution
		{1C61B5F5-D0B1-4EB6-9FE8-F6D9312DDFED}.Debug|Any CPU.ActiveCfg = Debug|Any CPU
		{1C61B5F5-D0B1-4EB6-9FE8-F6D9312DDFED}.Debug|Any CPU.Build.0 = Debug|Any CPU
		{1C61B5F5-D0B1-4EB6-9FE8-F6D9312DDFED}.Release|Any CPU.ActiveCfg = Release|Any CPU
		{1C61B5F5-D0B1-4EB6-9FE8-F6D9312DDFED}.Release|Any CPU.Build.0 = Release|Any CPU
	EndGlobalSection
	GlobalSection(SolutionProperties) = preSolution
		HideSolutionNode = FALSE
	EndGlobalSection
EndGlobal
